{
  "version": "2",
  "remote": {
    "https://deno.land/std@0.152.0/_deno_unstable.ts": "be3276fd42cffb49f51b705c4b0aa8656aaf2a34be22d769455c8e50ea38e51a",
    "https://deno.land/std@0.152.0/_util/assert.ts": "e94f2eb37cebd7f199952e242c77654e43333c1ac4c5c700e929ea3aa5489f74",
    "https://deno.land/std@0.152.0/_util/os.ts": "3b4c6e27febd119d36a416d7a97bd3b0251b77c88942c8f16ee5953ea13e2e49",
    "https://deno.land/std@0.152.0/async/abortable.ts": "87aa7230be8360c24ad437212311c9e8d4328854baec27b4c7abb26e85515c06",
    "https://deno.land/std@0.152.0/async/deadline.ts": "48ac998d7564969f3e6ec6b6f9bf0217ebd00239b1b2292feba61272d5dd58d0",
    "https://deno.land/std@0.152.0/async/debounce.ts": "564273ef242bcfcda19a439132f940db8694173abffc159ea34f07d18fc42620",
    "https://deno.land/std@0.152.0/async/deferred.ts": "bc18e28108252c9f67dfca2bbc4587c3cbf3aeb6e155f8c864ca8ecff992b98a",
    "https://deno.land/std@0.152.0/async/delay.ts": "cbbdf1c87d1aed8edc7bae13592fb3e27e3106e0748f089c263390d4f49e5f6c",
    "https://deno.land/std@0.152.0/async/mod.ts": "dd0a8ed4f3984ffabe2fcca7c9f466b7932d57b1864ffee148a5d5388316db6b",
    "https://deno.land/std@0.152.0/async/mux_async_iterator.ts": "5b4aca6781ad0f2e19ccdf1d1a1c092ccd3e00d52050d9c27c772658c8367256",
    "https://deno.land/std@0.152.0/async/pool.ts": "ef9eb97b388543acbf0ac32647121e4dbe629236899586c4d4311a8770fbb239",
    "https://deno.land/std@0.152.0/async/tee.ts": "bcfae0017ebb718cf4eef9e2420e8675d91cb1bcc0ed9b668681af6e6caad846",
    "https://deno.land/std@0.152.0/bytes/bytes_list.ts": "aba5e2369e77d426b10af1de0dcc4531acecec27f9b9056f4f7bfbf8ac147ab4",
    "https://deno.land/std@0.152.0/bytes/equals.ts": "3c3558c3ae85526f84510aa2b48ab2ad7bdd899e2e0f5b7a8ffc85acb3a6043a",
    "https://deno.land/std@0.152.0/bytes/mod.ts": "763f97d33051cc3f28af1a688dfe2830841192a9fea0cbaa55f927b49d49d0bf",
    "https://deno.land/std@0.152.0/crypto/timing_safe_equal.ts": "82a29b737bc8932d75d7a20c404136089d5d23629e94ba14efa98a8cc066c73e",
    "https://deno.land/std@0.152.0/encoding/base64.ts": "c57868ca7fa2fbe919f57f88a623ad34e3d970d675bdc1ff3a9d02bba7409db2",
    "https://deno.land/std@0.152.0/encoding/base64url.ts": "a5f82a9fa703bd85a5eb8e7c1296bc6529e601ebd9642cc2b5eaa6b38fa9e05a",
    "https://deno.land/std@0.152.0/flags/mod.ts": "34bb4148ad1cbdf1e3d20e1541f36c8a5b47205e3a5ee4e62a71eab89215011b",
    "https://deno.land/std@0.152.0/fmt/colors.ts": "6f9340b7fb8cc25a993a99e5efc56fe81bb5af284ff412129dd06df06f53c0b4",
    "https://deno.land/std@0.152.0/fmt/printf.ts": "299987dca9b17dc6408488c5f137560c7a9cb738b1d9e0b969dcd507bedaf506",
    "https://deno.land/std@0.152.0/fs/exists.ts": "cb734d872f8554ea40b8bff77ad33d4143c1187eac621a55bf37781a43c56f6d",
    "https://deno.land/std@0.152.0/http/http_status.ts": "897575a7d6bc2b9123f6a38ecbc0f03d95a532c5d92029315dc9f508e12526b8",
    "https://deno.land/std@0.152.0/io/buffer.ts": "bd0c4bf53db4b4be916ca5963e454bddfd3fcd45039041ea161dbf826817822b",
    "https://deno.land/std@0.152.0/io/types.d.ts": "0cae3a62da7a37043661746c65c021058bae020b54e50c0e774916e5d4baee43",
    "https://deno.land/std@0.152.0/node/_buffer.d.ts": "90f674081428a61978b6d481c5f557ff743a3f4a85d7ae113caab48fdf5b8a63",
    "https://deno.land/std@0.152.0/node/_buffer.mjs": "4e3e6b0f0613300340705a99a1998c655ba22bf08644c49df21f4aaa44e951d0",
    "https://deno.land/std@0.152.0/node/_core.ts": "83860ad91022fe1ed759acc3f012dd7e2a4258bd4ee7eab8332110cba0d0be10",
    "https://deno.land/std@0.152.0/node/_events.d.ts": "5b6d1a7931eb692d3b64018e7a3f57310284d3bf467aa2e6371c65bb626c1859",
    "https://deno.land/std@0.152.0/node/_events.mjs": "a87d6bc0e2a139ce1bb89e56fe36969dc960c1af70b6d5fafaab8782659c57a0",
    "https://deno.land/std@0.152.0/node/_fs/_fs_access.ts": "0700488320d37208d000b94767ab37208d469550767edab69b65b09a330f245d",
    "https://deno.land/std@0.152.0/node/_fs/_fs_appendFile.ts": "5dca59d7f2ec33316d75da3d6a12d39f5c35b429bddf83f4b2c030b3a289d4b3",
    "https://deno.land/std@0.152.0/node/_fs/_fs_chmod.ts": "8fc25677b82a2643686e6f8270a8f1bee87dd60986334591450699e199dac7d5",
    "https://deno.land/std@0.152.0/node/_fs/_fs_chown.ts": "57858c54d376648fc3c8cf5a8ad4f7f19fb153b75fac3ed41df0332d757e7de9",
    "https://deno.land/std@0.152.0/node/_fs/_fs_close.ts": "01936654df45b3acdbe2d3a809f1502d803694c18a6874c3143ef8a63b439ee6",
    "https://deno.land/std@0.152.0/node/_fs/_fs_common.ts": "6a373d1583d9ec5cc7a8ff1072d77dc999e35282a320b7477038a2b209c304d3",
    "https://deno.land/std@0.152.0/node/_fs/_fs_constants.ts": "5c20b190fc6b7cfdaf12a30ba545fc787db2c7bbe87ed5b890da99578116a339",
    "https://deno.land/std@0.152.0/node/_fs/_fs_copy.ts": "675eb02a2dfc20dab1186bf6ed0a33b1abae656f440bc0a3ce74f385e0052eef",
    "https://deno.land/std@0.152.0/node/_fs/_fs_dir.ts": "0d3f95be40639341e9fd4c4c249bcc7e369684ac9e82aeb41403ca0f1c123984",
    "https://deno.land/std@0.152.0/node/_fs/_fs_dirent.ts": "649c0a794e7b8d930cdd7e6a168b404aa0448bf784e0cfbe1bd6d25b99052273",
    "https://deno.land/std@0.152.0/node/_fs/_fs_exists.ts": "25565c19247c0d87e2b62b87c2889474527adc50dbc7f900f2253ae72e8fedf9",
    "https://deno.land/std@0.152.0/node/_fs/_fs_fdatasync.ts": "bbd078fea6c62c64d898101d697aefbfbb722797a75e328a82c2a4f2e7eb963d",
    "https://deno.land/std@0.152.0/node/_fs/_fs_fstat.ts": "559ff6ff094337db37b0f3108aeaecf42672795af45b206adbd90105afebf9c6",
    "https://deno.land/std@0.152.0/node/_fs/_fs_fsync.ts": "590be69ce5363dd4f8867f244cfabe8df89d40f86bbbe44fd00d69411d0b798e",
    "https://deno.land/std@0.152.0/node/_fs/_fs_ftruncate.ts": "8eb2a9fcf026bd9b85dc07a22bc452c48db4be05ab83f5f2b6a0549e15c1f75f",
    "https://deno.land/std@0.152.0/node/_fs/_fs_futimes.ts": "c753cb9e9f129a11d1110ed43905b8966ac2a1d362ed69d5a34bb44513b00082",
    "https://deno.land/std@0.152.0/node/_fs/_fs_link.ts": "3f9ccce31c2e56284fbcf2c65ec2e6fed1d9e67a9997410223486ac5092888e3",
    "https://deno.land/std@0.152.0/node/_fs/_fs_lstat.ts": "571cea559d270e3b2e7fc585b0eb051899f6d0e54b1786f5e2cee3e9f71e7f27",
    "https://deno.land/std@0.152.0/node/_fs/_fs_mkdir.ts": "68421a23b6d3c2d0142a6d0b3ccdd87903f9c8f98d6754aba554ab4c6b435bb8",
    "https://deno.land/std@0.152.0/node/_fs/_fs_mkdtemp.ts": "86eaec96c63ea178c749fa856115a345e9797baecad22297b9ef98e3d62b90e2",
    "https://deno.land/std@0.152.0/node/_fs/_fs_open.ts": "b1ca72addd2723b2a5a876378e72609fbe168adad2006f5d7b4f1868beef65ca",
    "https://deno.land/std@0.152.0/node/_fs/_fs_read.ts": "3b4ef96aad20f3f29a859125ebeac8c9461574743f70c2a7ef301b8505f7d036",
    "https://deno.land/std@0.152.0/node/_fs/_fs_readFile.ts": "3eae6c930e08c1279d400c0f5a008e6d96949ff3a4f5bf7d43e1b94b94ce3854",
    "https://deno.land/std@0.152.0/node/_fs/_fs_readdir.ts": "a546f01387b7c49ddc1bd78d0e123a9668c710c56cffb4d9577ef46703cab463",
    "https://deno.land/std@0.152.0/node/_fs/_fs_readlink.ts": "e3097c2ad3946d688e70ecf283c2f911bba9faa2f64655e4d4f02d99ed7d4000",
    "https://deno.land/std@0.152.0/node/_fs/_fs_realpath.ts": "3ec236e4ad3c171203043422939973b6a948200ec4802425db41fa60c860dde9",
    "https://deno.land/std@0.152.0/node/_fs/_fs_rename.ts": "3be71e8f43275c349b7abb9343b6e6764df09fabcbd2d316f8ac170ea556c645",
    "https://deno.land/std@0.152.0/node/_fs/_fs_rm.ts": "a9328f99d925d7c74d31361d466ca33475aa7c6d1d6f037a49ce1ed996f0a0b4",
    "https://deno.land/std@0.152.0/node/_fs/_fs_rmdir.ts": "b74007891357e709b37e6721eb355a1c4f25575995bb7c961a3c40f03ebc624c",
    "https://deno.land/std@0.152.0/node/_fs/_fs_stat.ts": "bd47ce0bfc2b867392abc6ec95878ab4f6dddb94af73903d6fa1a02ba3e26af8",
    "https://deno.land/std@0.152.0/node/_fs/_fs_streams.ts": "b06c3c441ac73b82ec787807e5ab5f5b8b39de84f823954f223fe04cb5ee0271",
    "https://deno.land/std@0.152.0/node/_fs/_fs_symlink.ts": "0bddc37c5092f847634bd41cee0b643b9c03fc541c0e635cf35da1fcb4d0f7fa",
    "https://deno.land/std@0.152.0/node/_fs/_fs_truncate.ts": "e2d380f7a81f69c4d4db30c442558ba8d8dea561e5097af41022bb5724e494e5",
    "https://deno.land/std@0.152.0/node/_fs/_fs_unlink.ts": "c537ca98e507972d65f0b113a179b5f5083f0da3e6f9fae29895fd2a9660c18a",
    "https://deno.land/std@0.152.0/node/_fs/_fs_utimes.ts": "c4446b7e39bf6977eca4364360501a97b96db9ea41e0cdf49abddab73481a175",
    "https://deno.land/std@0.152.0/node/_fs/_fs_watch.ts": "d82de4a46189801a37d723b522d5441378392eb42cdf8b509916c81c20440809",
    "https://deno.land/std@0.152.0/node/_fs/_fs_write.d.ts": "deb5c1a98b6cb1aa79f773f3b8fc9410463f0e30fede1ff9df2652fc11b69d35",
    "https://deno.land/std@0.152.0/node/_fs/_fs_write.mjs": "a1f2aae3c64cc86ea8acc83972a07459b4ad0b305fe75e24f1754eacc9d2c537",
    "https://deno.land/std@0.152.0/node/_fs/_fs_writeFile.ts": "79d176021c8ceae0d956763a33834166ebc3f1691ed9219a21674b2374f115c3",
    "https://deno.land/std@0.152.0/node/_fs/_fs_writev.d.ts": "7d41505383522b8fe27d13e4495f0b8621ff514d96b038c53d512dbded42718d",
    "https://deno.land/std@0.152.0/node/_fs/_fs_writev.mjs": "274df0a109010862c8f8b320dc7784de9bd9425fe2a6afd05f1f06f547a25cba",
    "https://deno.land/std@0.152.0/node/_global.d.ts": "6dadaf8cec2a0c506b22170617286e0bdc80be53dd0673e67fc7dd37a1130c68",
    "https://deno.land/std@0.152.0/node/_http_agent.mjs": "1579e09a83e61b359e64ccd3001315565b3a5cfe8eaded1f979ef7455c49ce72",
    "https://deno.land/std@0.152.0/node/_http_common.ts": "73a9ec85e8d62a783b2a52577ebeafc3d69f9be21ba12e654dfbde455cf58162",
    "https://deno.land/std@0.152.0/node/_http_outgoing.ts": "dc400fca921c09bca194380a338eccc9559f7cc95cecf92a7427513eb280eb98",
    "https://deno.land/std@0.152.0/node/_next_tick.ts": "ec6772f13b0b78edd1b679502501210abdcdd5b170aa6b90ec28dfd67dcd30ae",
    "https://deno.land/std@0.152.0/node/_pako.mjs": "3a9980e5b5e8705de0672911e85dc74587b19a8bac95295eee45cd105db5569b",
    "https://deno.land/std@0.152.0/node/_process/exiting.ts": "bc9694769139ffc596f962087155a8bfef10101d03423b9dcbc51ce6e1f88fce",
    "https://deno.land/std@0.152.0/node/_process/process.ts": "71c22bd237ce970460dfd1e4f14aba42e6762febc31df9f3c505c3d7328b8232",
    "https://deno.land/std@0.152.0/node/_process/stdio.mjs": "971c3b086040d8521562155db13f22f9971d5c42c852b2081d4d2f0d8b6ab6bd",
    "https://deno.land/std@0.152.0/node/_process/streams.mjs": "da4dc14ad62a72d3efbaec6a660567a778653cb1b8d7a0d17fedba909574263d",
    "https://deno.land/std@0.152.0/node/_stream.d.ts": "379e9bbfc59aa8d768f067cc18286c44755255e7e7a1981f8ab6dabc0f3076b3",
    "https://deno.land/std@0.152.0/node/_stream.mjs": "07f6cbabaad0382fb4b9a25e70ac3093a44022b859247f64726746e6373f1c91",
    "https://deno.land/std@0.152.0/node/_util/_util_callbackify.ts": "79928ad80df3e469f7dcdb198118a7436d18a9f6c08bd7a4382332ad25a718cf",
    "https://deno.land/std@0.152.0/node/_utils.ts": "facb40140c9f1e6f23a047071a0d7e00f2be32afe5a7f063f7e55b1bd83f6488",
    "https://deno.land/std@0.152.0/node/_zlib.mjs": "9febc0564534f3385f71478370a88cda52025d1f639f362120a3e5fe30a1aa3d",
    "https://deno.land/std@0.152.0/node/_zlib_binding.mjs": "721092a315f57a2e24fc391425e07d54820d979ba40126c861eef609e4b209ef",
    "https://deno.land/std@0.152.0/node/assert.ts": "dcbd30a985c024bf6d4b538831291c91a7ed3b7e5e4ce21b72b0dd294cf9e0ef",
    "https://deno.land/std@0.152.0/node/assertion_error.ts": "43415df2537ff825b89e42ee89511c9cd285ec5d57e38383ef12a245cbe19fd6",
    "https://deno.land/std@0.152.0/node/async_hooks.ts": "d0b31c0ca74169782da1d804e4e1bfa344187f072c33c9b66b37721f0fba8f63",
    "https://deno.land/std@0.152.0/node/buffer.ts": "0e4e409bc03754e99c3e9fbdd10ff50834fd5d6e8654f70efeff054afde58821",
    "https://deno.land/std@0.152.0/node/dns.ts": "cf1d1960a33e3fdc6e12be90a0f4c6d259058d911ea763c9fe904fe3d1f0e247",
    "https://deno.land/std@0.152.0/node/events.ts": "a1d40fc0dbccc944379ef968b80ea08f9fce579e88b5057fdb64e4f0812476dd",
    "https://deno.land/std@0.152.0/node/fs.ts": "eb4b257e641080f54eaf4fd684f81d2d811c50a1729fc382170ba90cc9a66a80",
    "https://deno.land/std@0.152.0/node/http.ts": "9b5613218d3c88391661199fdc7cf5511afdebdcaec2a318a5bc3f7f44a4498b",
    "https://deno.land/std@0.152.0/node/https.ts": "6fbb624bf9dfede8d049883c825a438d88c06128499ede39430b57d68c285e25",
    "https://deno.land/std@0.152.0/node/internal/assert.mjs": "118327c8866266534b30d3a36ad978204af7336dc2db3158b8167192918d4e06",
    "https://deno.land/std@0.152.0/node/internal/async_hooks.ts": "8eca5b80f58ffb259e9b3a73536dc2fe2e67d07fd24bfe2aee325a4aa435edb3",
    "https://deno.land/std@0.152.0/node/internal/blob.mjs": "52080b2f40b114203df67f8a6650f9fe3c653912b8b3ef2f31f029853df4db53",
    "https://deno.land/std@0.152.0/node/internal/buffer.mjs": "6662fe7fe517329453545be34cea27a24f8ccd6d09afd4f609f11ade2b6dfca7",
    "https://deno.land/std@0.152.0/node/internal/crypto/_keys.ts": "7f993ece8c8e94a292944518cf4173521c6bf01785e75be014cd45a9cc2e4ad5",
    "https://deno.land/std@0.152.0/node/internal/crypto/constants.ts": "d2c8821977aef55e4d66414d623c24a2447791a8b49b6404b8db32d81e20c315",
    "https://deno.land/std@0.152.0/node/internal/dns/promises.ts": "890ff392c2e4377800ed512c4590dab0d3cf4baaab45a03b9673d4ed82181def",
    "https://deno.land/std@0.152.0/node/internal/dns/utils.ts": "26a53e2f40b9d7e6f19b8567b738669731beef436dcdcef2abaf8bbeaac50e25",
    "https://deno.land/std@0.152.0/node/internal/dtrace.ts": "50dd0e77b0269e47ff673bdb9ad0ef0ea3a3c53ac30c1695883ce4748e04ca14",
    "https://deno.land/std@0.152.0/node/internal/error_codes.ts": "ac03c4eae33de3a69d6c98e8678003207eecf75a6900eb847e3fea3c8c9e6d8f",
    "https://deno.land/std@0.152.0/node/internal/errors.ts": "129686370ff761e8f2aa55d9f56ab4112b4d29438b173462590647220dfb6bb2",
    "https://deno.land/std@0.152.0/node/internal/fixed_queue.ts": "455b3c484de48e810b13bdf95cd1658ecb1ba6bcb8b9315ffe994efcde3ba5f5",
    "https://deno.land/std@0.152.0/node/internal/fs/streams.ts": "c925db185efdf56c35cde8270c07d61698b80603a90e07caf1cb4ff80abf195b",
    "https://deno.land/std@0.152.0/node/internal/fs/utils.mjs": "358c6437d404a1d4acefdade89e91da2002f6f07d8b13b8041434f3ffdc0d928",
    "https://deno.land/std@0.152.0/node/internal/hide_stack_frames.ts": "a91962ec84610bc7ec86022c4593cdf688156a5910c07b5bcd71994225c13a03",
    "https://deno.land/std@0.152.0/node/internal/http.ts": "deb5b3db113ea502cf01044d9f3e299e5faca2789f27f6a894947603b62c45ad",
    "https://deno.land/std@0.152.0/node/internal/idna.ts": "a8bdd28431f06630d8aad85d3cb8fd862459107af228c8805373ad2080f1c587",
    "https://deno.land/std@0.152.0/node/internal/net.ts": "1239886cd2508a68624c2dae8abf895e8aa3bb15a748955349f9ac5539032238",
    "https://deno.land/std@0.152.0/node/internal/normalize_encoding.mjs": "3779ec8a7adf5d963b0224f9b85d1bc974a2ec2db0e858396b5d3c2c92138a0a",
    "https://deno.land/std@0.152.0/node/internal/options.ts": "a23c285975e058cb26a19abcb048cd8b46ab12d21cfb028868ac8003fffb43ac",
    "https://deno.land/std@0.152.0/node/internal/process/per_thread.mjs": "bc1be72a6a662bf81573c20fe74893374847a7302065ddf52fb3fb2af505f31f",
    "https://deno.land/std@0.152.0/node/internal/querystring.ts": "c3b23674a379f696e505606ddce9c6feabe9fc497b280c56705c340f4028fe74",
    "https://deno.land/std@0.152.0/node/internal/readline/callbacks.mjs": "1aa7d97dbc10ed85474ca046518793cfe6490ec008aac875bb437ded32f9254e",
    "https://deno.land/std@0.152.0/node/internal/readline/utils.mjs": "a93ebb99f85e0dbb4f05f4aff5583d12a15150e45c335e4ecf925e1879dc9c84",
    "https://deno.land/std@0.152.0/node/internal/stream_base_commons.ts": "934a9e69f46f2de644956edfa9fb040af7861e326fe5325dab38ef9caf2940bc",
    "https://deno.land/std@0.152.0/node/internal/streams/_utils.ts": "77fceaa766679847e4d4c3c96b2573c00a790298d90551e8e4df1d5e0fdaad3b",
    "https://deno.land/std@0.152.0/node/internal/streams/add-abort-signal.mjs": "5623b83fa64d439cc4a1f09ae47ec1db29512cc03479389614d8f62a37902f5e",
    "https://deno.land/std@0.152.0/node/internal/streams/buffer_list.mjs": "c6a7b29204fae025ff5e9383332acaea5d44bc7c522a407a79b8f7a6bc6c312d",
    "https://deno.land/std@0.152.0/node/internal/streams/compose.mjs": "b522daab35a80ae62296012a4254fd7edfc0366080ffe63ddda4e38fe6b6803e",
    "https://deno.land/std@0.152.0/node/internal/streams/destroy.mjs": "9c9bbeb172a437041d529829f433df72cf0b63ae49f3ee6080a55ffbef7572ad",
    "https://deno.land/std@0.152.0/node/internal/streams/duplex.mjs": "9ee2cc5d6d23f9be3432a50a7bdd7a15408bac2bfbf9ccd7424342388be6150c",
    "https://deno.land/std@0.152.0/node/internal/streams/end-of-stream.mjs": "38be76eaceac231dfde643e72bc0940625446bf6d1dbd995c91c5ba9fd59b338",
    "https://deno.land/std@0.152.0/node/internal/streams/from.mjs": "134255c698ed63b33199911eb8e042f8f67e9682409bb11552e6120041ed1872",
    "https://deno.land/std@0.152.0/node/internal/streams/legacy.mjs": "6ea28db95d4503447473e62f0b23ff473bfe1751223c33a3c5816652e93b257a",
    "https://deno.land/std@0.152.0/node/internal/streams/passthrough.mjs": "a51074193b959f3103d94de41e23a78dfcff532bdba53af9146b86340d85eded",
    "https://deno.land/std@0.152.0/node/internal/streams/pipeline.mjs": "9890b121759ede869174ef70c011fde964ca94d81f2ed97b8622d7cb17b49285",
    "https://deno.land/std@0.152.0/node/internal/streams/readable.mjs": "d566a47ad3bbda2fbd9e9d77acec729b63813b2f31c7a229526f849619d3dc28",
    "https://deno.land/std@0.152.0/node/internal/streams/state.mjs": "9ef917392a9d8005a6e038260c5fd31518d2753aea0bc9e39824c199310434cb",
    "https://deno.land/std@0.152.0/node/internal/streams/transform.mjs": "3b361abad2ac78f7ccb6f305012bafdc0e983dfa4bb6ecddb4626e34a781a5f5",
    "https://deno.land/std@0.152.0/node/internal/streams/utils.mjs": "06c21d0db0d51f1bf1e3225a661c3c29909be80355d268e64ee5922fc5eb6c5e",
    "https://deno.land/std@0.152.0/node/internal/streams/writable.mjs": "5133c66237bf31043aec98092d1589a14483077424bba862511846e9287d2eae",
    "https://deno.land/std@0.152.0/node/internal/timers.mjs": "b43e24580cec2dd50f795e4342251a79515c0db21630c25b40fdc380a78b74e7",
    "https://deno.land/std@0.152.0/node/internal/url.ts": "eacef0ace4f4c5394e9818a81499f4871b2a993d1bd3b902047e44a381ef0e22",
    "https://deno.land/std@0.152.0/node/internal/util.mjs": "98b26aa4eb6ca70fe6c140eb296759cea54fe1b46a87a91288073dbc88d46eb0",
    "https://deno.land/std@0.152.0/node/internal/util/comparisons.ts": "666e75e01a85b5d3410e43625ab9fc165811439aa1298c14054acb64b670dc48",
    "https://deno.land/std@0.152.0/node/internal/util/debuglog.ts": "6f12a764f5379e9d2675395d15d2fb48bd7376921ef64006ffb022fc7f44ab82",
    "https://deno.land/std@0.152.0/node/internal/util/inspect.mjs": "1ddace0c97719d2cc0869ba177d375e96051301352ec235cbfb2ecbfcd4e8fba",
    "https://deno.land/std@0.152.0/node/internal/util/types.ts": "bc2d35582946525f6068b678bb798e2a10298fefeefd3cb9b85f6bdc9014da16",
    "https://deno.land/std@0.152.0/node/internal/validators.mjs": "a7e82eafb7deb85c332d5f8d9ffef052f46a42d4a121eada4a54232451acc49a",
    "https://deno.land/std@0.152.0/node/internal_binding/_libuv_winerror.ts": "801e05c2742ae6cd42a5f0fd555a255a7308a65732551e962e5345f55eedc519",
    "https://deno.land/std@0.152.0/node/internal_binding/_listen.ts": "c15a356ef4758770fc72d3ca4db33f0cc321016df1aafb927c027c0d73ac2c42",
    "https://deno.land/std@0.152.0/node/internal_binding/_node.ts": "e4075ba8a37aef4eb5b592c8e3807c39cb49ca8653faf8e01a43421938076c1b",
    "https://deno.land/std@0.152.0/node/internal_binding/_timingSafeEqual.ts": "80640f055101071cb3680a2d8a1fead5fd260ca8bf183efb94296b69463e06cd",
    "https://deno.land/std@0.152.0/node/internal_binding/_utils.ts": "1c50883b5751a9ea1b38951e62ed63bacfdc9d69ea665292edfa28e1b1c5bd94",
    "https://deno.land/std@0.152.0/node/internal_binding/_winerror.ts": "8811d4be66f918c165370b619259c1f35e8c3e458b8539db64c704fbde0a7cd2",
    "https://deno.land/std@0.152.0/node/internal_binding/ares.ts": "33ff8275bc11751219af8bd149ea221c442d7e8676e3e9f20ccb0e1f0aac61b8",
    "https://deno.land/std@0.152.0/node/internal_binding/async_wrap.ts": "b83e4021a4854b2e13720f96d21edc11f9905251c64c1bc625a361f574400959",
    "https://deno.land/std@0.152.0/node/internal_binding/buffer.ts": "781e1d13adc924864e6e37ecb5152e8a4e994cf394695136e451c47f00bda76c",
    "https://deno.land/std@0.152.0/node/internal_binding/cares_wrap.ts": "17ff0dd7dbf77e835a7b8fa5361efd26c0b3d610cba2641e0b613a572ebab412",
    "https://deno.land/std@0.152.0/node/internal_binding/config.ts": "e292217d048a33573966b7d25352828d3282921fbcadce8735a20fb3da370cc4",
    "https://deno.land/std@0.152.0/node/internal_binding/connection_wrap.ts": "0380444ee94d5bd7b0b09921223d16729c9762a94e80b7f51eda49c7f42e6d0a",
    "https://deno.land/std@0.152.0/node/internal_binding/constants.ts": "f4afc504137fb21f3908ab549931604968dfa62432b285a0874f41c4cade9ed2",
    "https://deno.land/std@0.152.0/node/internal_binding/contextify.ts": "e292217d048a33573966b7d25352828d3282921fbcadce8735a20fb3da370cc4",
    "https://deno.land/std@0.152.0/node/internal_binding/credentials.ts": "e292217d048a33573966b7d25352828d3282921fbcadce8735a20fb3da370cc4",
    "https://deno.land/std@0.152.0/node/internal_binding/crypto.ts": "33344221de729bfb06f4953ed9d68efbb7e6412e60ff212883680b4bf08c011f",
    "https://deno.land/std@0.152.0/node/internal_binding/errors.ts": "e292217d048a33573966b7d25352828d3282921fbcadce8735a20fb3da370cc4",
    "https://deno.land/std@0.152.0/node/internal_binding/fs.ts": "e292217d048a33573966b7d25352828d3282921fbcadce8735a20fb3da370cc4",
    "https://deno.land/std@0.152.0/node/internal_binding/fs_dir.ts": "e292217d048a33573966b7d25352828d3282921fbcadce8735a20fb3da370cc4",
    "https://deno.land/std@0.152.0/node/internal_binding/fs_event_wrap.ts": "e292217d048a33573966b7d25352828d3282921fbcadce8735a20fb3da370cc4",
    "https://deno.land/std@0.152.0/node/internal_binding/handle_wrap.ts": "eadbeea68deee9768b50f8f797738a088e8a7a1c9aa7d092c955faeacac53d58",
    "https://deno.land/std@0.152.0/node/internal_binding/heap_utils.ts": "e292217d048a33573966b7d25352828d3282921fbcadce8735a20fb3da370cc4",
    "https://deno.land/std@0.152.0/node/internal_binding/http_parser.ts": "e292217d048a33573966b7d25352828d3282921fbcadce8735a20fb3da370cc4",
    "https://deno.land/std@0.152.0/node/internal_binding/icu.ts": "e292217d048a33573966b7d25352828d3282921fbcadce8735a20fb3da370cc4",
    "https://deno.land/std@0.152.0/node/internal_binding/inspector.ts": "e292217d048a33573966b7d25352828d3282921fbcadce8735a20fb3da370cc4",
    "https://deno.land/std@0.152.0/node/internal_binding/js_stream.ts": "e292217d048a33573966b7d25352828d3282921fbcadce8735a20fb3da370cc4",
    "https://deno.land/std@0.152.0/node/internal_binding/messaging.ts": "e292217d048a33573966b7d25352828d3282921fbcadce8735a20fb3da370cc4",
    "https://deno.land/std@0.152.0/node/internal_binding/mod.ts": "f68e74e8eed84eaa6b0de24f0f4c47735ed46866d7ee1c5a5e7c0667b4f0540f",
    "https://deno.land/std@0.152.0/node/internal_binding/module_wrap.ts": "e292217d048a33573966b7d25352828d3282921fbcadce8735a20fb3da370cc4",
    "https://deno.land/std@0.152.0/node/internal_binding/native_module.ts": "e292217d048a33573966b7d25352828d3282921fbcadce8735a20fb3da370cc4",
    "https://deno.land/std@0.152.0/node/internal_binding/natives.ts": "e292217d048a33573966b7d25352828d3282921fbcadce8735a20fb3da370cc4",
    "https://deno.land/std@0.152.0/node/internal_binding/node_file.ts": "c96ee0b2af319a3916de950a6c4b0d5fb00d09395c51cd239c54d95d62567aaf",
    "https://deno.land/std@0.152.0/node/internal_binding/node_options.ts": "3cd5706153d28a4f5944b8b162c1c61b7b8e368a448fb1a2cff9f7957d3db360",
    "https://deno.land/std@0.152.0/node/internal_binding/options.ts": "e292217d048a33573966b7d25352828d3282921fbcadce8735a20fb3da370cc4",
    "https://deno.land/std@0.152.0/node/internal_binding/os.ts": "e292217d048a33573966b7d25352828d3282921fbcadce8735a20fb3da370cc4",
    "https://deno.land/std@0.152.0/node/internal_binding/performance.ts": "e292217d048a33573966b7d25352828d3282921fbcadce8735a20fb3da370cc4",
    "https://deno.land/std@0.152.0/node/internal_binding/pipe_wrap.ts": "792e3bbcbdb7ce3b51a430a85331a90408113160739d72d050ab243714219430",
    "https://deno.land/std@0.152.0/node/internal_binding/process_methods.ts": "e292217d048a33573966b7d25352828d3282921fbcadce8735a20fb3da370cc4",
    "https://deno.land/std@0.152.0/node/internal_binding/report.ts": "e292217d048a33573966b7d25352828d3282921fbcadce8735a20fb3da370cc4",
    "https://deno.land/std@0.152.0/node/internal_binding/serdes.ts": "e292217d048a33573966b7d25352828d3282921fbcadce8735a20fb3da370cc4",
    "https://deno.land/std@0.152.0/node/internal_binding/signal_wrap.ts": "e292217d048a33573966b7d25352828d3282921fbcadce8735a20fb3da370cc4",
    "https://deno.land/std@0.152.0/node/internal_binding/spawn_sync.ts": "e292217d048a33573966b7d25352828d3282921fbcadce8735a20fb3da370cc4",
    "https://deno.land/std@0.152.0/node/internal_binding/stream_wrap.ts": "7a418a7c57bbfb642a111753c98e9cdfcd4aafa5aec4b48be1dbd62e08c2d9a7",
    "https://deno.land/std@0.152.0/node/internal_binding/string_decoder.ts": "5cb1863763d1e9b458bc21d6f976f16d9c18b3b3f57eaf0ade120aee38fba227",
    "https://deno.land/std@0.152.0/node/internal_binding/symbols.ts": "51cfca9bb6132d42071d4e9e6b68a340a7f274041cfcba3ad02900886e972a6c",
    "https://deno.land/std@0.152.0/node/internal_binding/task_queue.ts": "e292217d048a33573966b7d25352828d3282921fbcadce8735a20fb3da370cc4",
    "https://deno.land/std@0.152.0/node/internal_binding/tcp_wrap.ts": "dc30a903d7589dc82b8056a473b0318ecf3262e5c9e5974375fee8548b847056",
    "https://deno.land/std@0.152.0/node/internal_binding/timers.ts": "e292217d048a33573966b7d25352828d3282921fbcadce8735a20fb3da370cc4",
    "https://deno.land/std@0.152.0/node/internal_binding/tls_wrap.ts": "e292217d048a33573966b7d25352828d3282921fbcadce8735a20fb3da370cc4",
    "https://deno.land/std@0.152.0/node/internal_binding/trace_events.ts": "e292217d048a33573966b7d25352828d3282921fbcadce8735a20fb3da370cc4",
    "https://deno.land/std@0.152.0/node/internal_binding/tty_wrap.ts": "e292217d048a33573966b7d25352828d3282921fbcadce8735a20fb3da370cc4",
    "https://deno.land/std@0.152.0/node/internal_binding/types.ts": "4c26fb74ba2e45de553c15014c916df6789529a93171e450d5afb016b4c765e7",
    "https://deno.land/std@0.152.0/node/internal_binding/udp_wrap.ts": "74ef0ac9bd1e4ad2f2f470edf25a805f9dc7250cd7aaea43116a959da9134590",
    "https://deno.land/std@0.152.0/node/internal_binding/url.ts": "e292217d048a33573966b7d25352828d3282921fbcadce8735a20fb3da370cc4",
    "https://deno.land/std@0.152.0/node/internal_binding/util.ts": "faf5146c3cc3b2d6c26026a818b4a16e91488ab26e63c069f36ba3c3ae24c97b",
    "https://deno.land/std@0.152.0/node/internal_binding/uv.ts": "aa1db842936e77654522d9136bb2ae191bf334423f58962a8a7404b6635b5b49",
    "https://deno.land/std@0.152.0/node/internal_binding/v8.ts": "e292217d048a33573966b7d25352828d3282921fbcadce8735a20fb3da370cc4",
    "https://deno.land/std@0.152.0/node/internal_binding/worker.ts": "e292217d048a33573966b7d25352828d3282921fbcadce8735a20fb3da370cc4",
    "https://deno.land/std@0.152.0/node/internal_binding/zlib.ts": "e292217d048a33573966b7d25352828d3282921fbcadce8735a20fb3da370cc4",
    "https://deno.land/std@0.152.0/node/net.ts": "7749689eb46c5a1f7864d9c67eae7985398e8483e6cb9ea4737b2065f0f69318",
    "https://deno.land/std@0.152.0/node/path.ts": "c65858e9cbb52dbc0dd348eefcdc41e82906c39cfa7982f2d4d805e828414b8c",
    "https://deno.land/std@0.152.0/node/path/_constants.ts": "591787ca44a55859644a2d5dbaef43698ab29e72e58fd498ea5e8f78a341ba20",
    "https://deno.land/std@0.152.0/node/path/_interface.ts": "6034ee29f6f295460ec82db1a94df9269aecbb0eceb81be72e9d843f8e8a97e6",
    "https://deno.land/std@0.152.0/node/path/_util.ts": "becaf9186a229200e682512daf2f33e768bbbdfc88fafc405b0287e9120ceabe",
    "https://deno.land/std@0.152.0/node/path/common.ts": "f41a38a0719a1e85aa11c6ba3bea5e37c15dd009d705bd8873f94c833568cbc4",
    "https://deno.land/std@0.152.0/node/path/glob.ts": "d6b64a24f148855a6e8057a171a2f9910c39e492e4ccec482005205b28eb4533",
    "https://deno.land/std@0.152.0/node/path/mod.ts": "f9125e20031aac43eef8baa58d852427c762541574513f6870d1d0abd8103252",
    "https://deno.land/std@0.152.0/node/path/posix.ts": "8d92e4e7a9257eebe13312623a89fa0bdc8f75f81adc66641e10edc0a03bc3dd",
    "https://deno.land/std@0.152.0/node/path/separator.ts": "c908c9c28ebe7f1fea67daaccf84b63af90d882fe986f9fa03af9563a852723a",
    "https://deno.land/std@0.152.0/node/path/win32.ts": "06878dde1d89232c8c0dedd4ebe0420cc0ca73696f6028e4c57f802d9f7998a3",
    "https://deno.land/std@0.152.0/node/process.ts": "92c89735072d9b851a23d449d1f0eb4729248a0ef2633588fb4686e62ec16674",
    "https://deno.land/std@0.152.0/node/querystring.ts": "967b8a7b00a73ebe373666deb3a7e501f164bac27bb342fde7221ecbb3522689",
    "https://deno.land/std@0.152.0/node/stream.ts": "d127faa074a9e3886e4a01dcfe9f9a6a4b5641f76f6acc356e8ded7da5dc2c81",
    "https://deno.land/std@0.152.0/node/stream/promises.mjs": "b263c09f2d6bd715dc514fab3f99cca84f442e2d23e87adbe76e32ea46fc87e6",
    "https://deno.land/std@0.152.0/node/stream/web.ts": "7abcc6cdb9103ae4cff3c6c17e9f7befbbebab1a857d4887c96d9547b2bf6ea0",
    "https://deno.land/std@0.152.0/node/string_decoder.ts": "51ce85a173d2e36ac580d418bb48b804adb41732fc8bd85f7d5d27b7accbc61f",
    "https://deno.land/std@0.152.0/node/timers.ts": "b12a1c678161fc04b729658efc4d447f4f2786ace5fe1694caa51b9cc07dd189",
    "https://deno.land/std@0.152.0/node/url.ts": "67d9f31d041dfbd7720e94d714dc27550d0448869d9a1b03200044ab563401c2",
    "https://deno.land/std@0.152.0/node/util.ts": "63041c2ff43bdad393dacc710cbfabe0a9eead13353bc0f222c46e1dd4035b6a",
    "https://deno.land/std@0.152.0/node/util/types.ts": "5948b43e834f73a4becf85b02049632560c65da9c1127e5c533c83d200d3dfcd",
    "https://deno.land/std@0.152.0/node/worker_threads.ts": "e8ac2bc93e4d1d775e21737fefd0f44bf95d60d477cbd3e47fbe8e541eebdcaf",
    "https://deno.land/std@0.152.0/node/zlib.ts": "048c59e4c928be22146f3418c6a2fdb5417eb1e756213659c2a92ab5a865d2d1",
    "https://deno.land/std@0.152.0/path/_constants.ts": "df1db3ffa6dd6d1252cc9617e5d72165cd2483df90e93833e13580687b6083c3",
    "https://deno.land/std@0.152.0/path/_interface.ts": "ee3b431a336b80cf445441109d089b70d87d5e248f4f90ff906820889ecf8d09",
    "https://deno.land/std@0.152.0/path/_util.ts": "c1e9686d0164e29f7d880b2158971d805b6e0efc3110d0b3e24e4b8af2190d2b",
    "https://deno.land/std@0.152.0/path/common.ts": "bee563630abd2d97f99d83c96c2fa0cca7cee103e8cb4e7699ec4d5db7bd2633",
    "https://deno.land/std@0.152.0/path/glob.ts": "cb5255638de1048973c3e69e420c77dc04f75755524cb3b2e160fe9277d939ee",
    "https://deno.land/std@0.152.0/path/mod.ts": "56fec03ad0ebd61b6ab39ddb9b0ddb4c4a5c9f2f4f632e09dd37ec9ebfd722ac",
    "https://deno.land/std@0.152.0/path/posix.ts": "c1f7afe274290ea0b51da07ee205653b2964bd74909a82deb07b69a6cc383aaa",
    "https://deno.land/std@0.152.0/path/separator.ts": "fe1816cb765a8068afb3e8f13ad272351c85cbc739af56dacfc7d93d710fe0f9",
    "https://deno.land/std@0.152.0/path/win32.ts": "bd7549042e37879c68ff2f8576a25950abbfca1d696d41d82c7bca0b7e6f452c",
    "https://deno.land/std@0.152.0/streams/conversion.ts": "fc3db02026183da795fa32ac7549868e9f19c75ba029d4b4c3739af62b48517a",
    "https://deno.land/std@0.152.0/testing/_diff.ts": "029a00560b0d534bc0046f1bce4bd36b3b41ada3f2a3178c85686eb2ff5f1413",
    "https://deno.land/std@0.152.0/testing/_format.ts": "0d8dc79eab15b67cdc532826213bbe05bccfd276ca473a50a3fc7bbfb7260642",
    "https://deno.land/std@0.152.0/testing/asserts.ts": "093735c88f52bbead7f60a1f7a97a2ce4df3c2d5fab00a46956f20b4a5793ccd",
    "https://esm.sh/@sanity/client@3.3.3": "e151e437944ff05d3483fbcf08f44715e1e0bdc85692cb40ab968d4d515b1489",
    "https://esm.sh/skunkworks-test-client@2.4.11": "7e5054464ae01988987055c84ee59fa3fee782a2fe345046bee781b8a2b9413b",
    "https://esm.sh/skunkworks-test-client@2.4.11/supports-conditions": "bc007b5b02b4f991d905402639f884d02a51e6419a8ad2cb66a10721cbfd31f9",
    "https://esm.sh/v92/@sanity/client@3.3.3/deno/client.js": "3a522c7777c5d470a8c63052f13d354856892aaa5e9bb5de17dc9166b9a0c8ba",
    "https://esm.sh/v92/@sanity/client@3.3.3/sanityClient.d.ts": "98687b10b64f129b3a96a751a607d707ecd8300e1a9f87bffefa5569389c2eca",
    "https://esm.sh/v92/@sanity/eventsource@4.0.0/deno/eventsource.js": "d72f0f99058d7ab3229e73bce0a4594e3a07f729d1c7b9bc227a1936c73bd84c",
    "https://esm.sh/v92/@sanity/generate-help-url@3.0.0/deno/generate-help-url.js": "26dfaa0031040f8eebc0bd10d74c982c1102ac1eb8501031b8b7c95a6fe9186d",
    "https://esm.sh/v92/event-source-polyfill@1.0.25/deno/event-source-polyfill.js": "679fa0a4c1bab8b07236b8c87f4f79b815a969d8b2804eb42cc15188b39d1245",
    "https://esm.sh/v92/get-it@6.1.1/deno/get-it.js": "5e05568664239d42676b78c622a53b69e918b365bec21d68eee5e8e2395fe36c",
    "https://esm.sh/v92/get-it@6.1.1/deno/lib/middleware/jsonRequest.js": "695e1a4876720ea116edeb24e1e066f4ad109fbe5b498ce6ce4e174878eab730",
    "https://esm.sh/v92/get-it@6.1.1/deno/lib/middleware/jsonResponse.js": "affe71fd7d68d36789a4ce2843ac42c7f0a8e616652971f74f362eb4600086bf",
    "https://esm.sh/v92/get-it@6.1.1/deno/lib/middleware/observable.js": "947c3e090a802be790f91e908b9c606120bf14aa66d4cfbc793ff58412dd177f",
    "https://esm.sh/v92/get-it@6.1.1/deno/lib/middleware/progress.js": "d81c65fe60b6189e7e4155e056fc101ab020ec0da25eb2dd59e138db4d280e14",
    "https://esm.sh/v92/get-it@6.1.1/deno/lib/middleware/progress/node-progress.js": "2e6eb7d2f1ef913d764347212535c25b6118250a9d37e800e31687afd745cd79",
    "https://esm.sh/v92/get-it@6.1.1/deno/lib/util/global.js": "9e9bc5e21a1bdd1bb491e9a9437a270b5f9115c1e525b63e49632c8e7bf1a737",
    "https://esm.sh/v92/is-plain-object@2.0.4/deno/is-plain-object.js": "63c511c557c50b3ce44009a661034be29ed965b2559623b7d69284cc6bd60153",
    "https://esm.sh/v92/isobject@3.0.1/deno/isobject.js": "e2331dc73e21e757c78db9b062f8cd14d03a064e794093f260223e10996718a7",
    "https://esm.sh/v92/make-error@1.3.6/deno/make-error.js": "7827999d6d3097c42588e4a80267dfada2b9a5e01a4ab10cf36e005589ca7f84",
    "https://esm.sh/v92/nano-pubsub@1.0.2/deno/nano-pubsub.js": "5aaf55f5b1c14cf6090d99f24174778d61de5ac743ed66949e5d695e06ec9d06",
    "https://esm.sh/v92/node-fetch-native@0.1.3/deno/node-fetch-native.js": "915ea2167efc6941704961611fecbeb1e9cab9a0e5edb5573282ff41bc4781f5",
    "https://esm.sh/v92/node_buffer.js": "445d389cb8c9f9fad5ff869ca2c2a863d178d410795ebd5f2f39d9a029156d56",
    "https://esm.sh/v92/parse-headers@2.0.5/deno/parse-headers.js": "ef81fce665234baf31c1b80b99f2d53cbb9c3b441fac9387edd46baf59349ef9",
    "https://esm.sh/v92/querystringify@2.2.0/deno/querystringify.js": "4a21f6f9822f078d649802d0dc42760eadaa9d54c15f0c3f100378b7386d9268",
    "https://esm.sh/v92/requires-port@1.0.0/deno/requires-port.js": "0f8d6db4473dcee9e2f27d2248e5332e418882dfb2a929200541d1cc27ef897c",
    "https://esm.sh/v92/rxjs@6.6.7/deno/internal/Observable.js": "0453f92a56f5c5ad639f9aea0382889ad5aa185141c1675142ae0697b6317b9c",
    "https://esm.sh/v92/rxjs@6.6.7/deno/internal/Observer.js": "37ebdb401224efb3a88d16d2b635c9cda9ca327c1299a6790d68eceb2514727e",
    "https://esm.sh/v92/rxjs@6.6.7/deno/internal/Subscriber.js": "aa731e4cb7c0a94fcadd47ad2afd358a93c01df9a62505cbdb802eded7564594",
    "https://esm.sh/v92/rxjs@6.6.7/deno/internal/Subscription.js": "ccb14a04c4305483da9754f3b0277d8c241c5cd507921bbd158d9afc4cecf25d",
    "https://esm.sh/v92/rxjs@6.6.7/deno/internal/config.js": "13d6c256e56949aa5d9d724b8c3040458fb973c1c6da7c8c4fcfbb6cddf11e27",
    "https://esm.sh/v92/rxjs@6.6.7/deno/internal/operators/filter.js": "bbbfcee44a084177e2b24905f1f8fa9582289426e682e3a1ddcb164dc1b3f954",
    "https://esm.sh/v92/rxjs@6.6.7/deno/internal/operators/map.js": "c82ad59f838a1e7a9e1b65fac9d628f1b1baceb265b7d59d8f94b0686916814f",
    "https://esm.sh/v92/rxjs@6.6.7/deno/internal/symbol/observable.js": "0b4dafcc02fe54b1a8cc9a2f495e60714b18ce0cb2784934b14d418f72e5c1c4",
    "https://esm.sh/v92/rxjs@6.6.7/deno/internal/symbol/rxSubscriber.js": "e30c96d41803482eb7ec045520952a845d891e6ca700197e449d75f6646b84ff",
    "https://esm.sh/v92/rxjs@6.6.7/deno/internal/util/UnsubscriptionError.js": "869ab33d7683918e4e3ff9d26087b86a6ab1154aebd0dce3f04bfb878ba298b1",
    "https://esm.sh/v92/rxjs@6.6.7/deno/internal/util/canReportError.js": "e0f5ba7b4ae60063b04ee3214df38889f531b896d26124716d5d9a0543ec7456",
    "https://esm.sh/v92/rxjs@6.6.7/deno/internal/util/hostReportError.js": "9ca0358dfa5efc36cf161110f34021f2fe04d274214b0fd2748d4e2015a8f556",
    "https://esm.sh/v92/rxjs@6.6.7/deno/internal/util/identity.js": "f4bfd02a757468d0dc291c4bb7f494049b45838eb9adf0b1f866d01a5c97877d",
    "https://esm.sh/v92/rxjs@6.6.7/deno/internal/util/isArray.js": "7c6b7214c760878e5393e384b9ee98fa498a462a88aefd775b7ccee0998e26ad",
    "https://esm.sh/v92/rxjs@6.6.7/deno/internal/util/isFunction.js": "d7323335007b9ca6ce4a762c5265c3ae732fafd417e5acc4869651cf089ad9a3",
    "https://esm.sh/v92/rxjs@6.6.7/deno/internal/util/isObject.js": "204bb9c147c7d5a017f7a8896a40d27a0e811ea43e5a6264c4cb316fc8289b4f",
    "https://esm.sh/v92/rxjs@6.6.7/deno/internal/util/pipe.js": "65e943c54640a5ce7ca5b8325dfddda42fa28ef976b5e878304cbb0131d0a19d",
    "https://esm.sh/v92/rxjs@6.6.7/deno/internal/util/toSubscriber.js": "df94d2ad4e6151e74279d84b1cf3235952c4eb4d07f7a50a6cf3d62925f1eb77",
    "https://esm.sh/v92/rxjs@6.6.7/index.d.ts": "a1ed6fd8044f13f6480c976250fd3be789b7d7b7d4ece7009f4aa0d4602be579",
    "https://esm.sh/v92/rxjs@6.6.7/internal/AsyncSubject.d.ts": "c7374f476a9094b18a590b67715f6f24a102d678a313cabf67bfd6aaebe2f5bb",
    "https://esm.sh/v92/rxjs@6.6.7/internal/BehaviorSubject.d.ts": "01a0ea4d24067ba92a64a7f417fb8fd8ce5612d68178e90dfca1b56c9b3d8817",
    "https://esm.sh/v92/rxjs@6.6.7/internal/InnerSubscriber.d.ts": "7c06d4083cc166570e186a4cb6ebb180ec7c126fea4682ee42bfa716a6854e4d",
    "https://esm.sh/v92/rxjs@6.6.7/internal/Notification.d.ts": "14e6896bcf062a8d7fc0cc1ad55b4a6b95743ed8c33647fd66c2e3aa031fe4d5",
    "https://esm.sh/v92/rxjs@6.6.7/internal/Observable.d.ts": "9e7041e5c6a4889bc9be32e94fb64681719c146030d0daa957c85db01215b4ab",
    "https://esm.sh/v92/rxjs@6.6.7/internal/Operator.d.ts": "d3bd8fd6c21c316afc7eeb79682def15c63873e851245e759c9651e796efdaef",
    "https://esm.sh/v92/rxjs@6.6.7/internal/OuterSubscriber.d.ts": "0fa50233517494f487d44f4e7876c3fc4e12d60dc4b3d43b1d56d59786f38a23",
    "https://esm.sh/v92/rxjs@6.6.7/internal/ReplaySubject.d.ts": "d0bec0fe6dcbab9f68a11be6cd12203e324258f5a1d1c7e0e70e2f3682357cbe",
    "https://esm.sh/v92/rxjs@6.6.7/internal/Scheduler.d.ts": "c2f384f9ed3bd4c3cecfa31e8593d3bcdcb36280396d800f9bd7c18c0beacdc6",
    "https://esm.sh/v92/rxjs@6.6.7/internal/Subject.d.ts": "f5afc83b7bbc741b0628628e9ccde042718c5715563adca74a2cff8f27fdf6b1",
    "https://esm.sh/v92/rxjs@6.6.7/internal/Subscriber.d.ts": "1237a1b8a67790a5cacfe305a01765943b1b887d7cfdc7c8f1b332b924bf090d",
    "https://esm.sh/v92/rxjs@6.6.7/internal/Subscription.d.ts": "bb9113fa34608da75f871da1b0fff1e03932cf177f5965ffb8b2adc64d75a194",
    "https://esm.sh/v92/rxjs@6.6.7/internal/config.d.ts": "6f14b92848889abba03a474e0750f7350cc91fc190c107408ca48679a03975ae",
    "https://esm.sh/v92/rxjs@6.6.7/internal/observable/ConnectableObservable.d.ts": "145d6f8b3c7d0019ca8ba23d7695c3fdb79e8cafb08eb6f66f29a2fbec6465e7",
    "https://esm.sh/v92/rxjs@6.6.7/internal/observable/bindCallback.d.ts": "e334724d7710cbadd894cbd1d00aab9c438ca612576ad3d5f57cc3e9c2a8727d",
    "https://esm.sh/v92/rxjs@6.6.7/internal/observable/bindNodeCallback.d.ts": "1b6e72a641066885dde9a97a17de182a829681190032a660da16710684928c80",
    "https://esm.sh/v92/rxjs@6.6.7/internal/observable/combineLatest.d.ts": "4f1ce4110d951ced20f8d1b21b058a5407086e5f6ef7321919ddb5e9c7599a73",
    "https://esm.sh/v92/rxjs@6.6.7/internal/observable/concat.d.ts": "74e6a9bd841682393dc3793938a29115d2ac1a329d68327f69499d6f2a2ca8ab",
    "https://esm.sh/v92/rxjs@6.6.7/internal/observable/defer.d.ts": "b444015c51ecc05134354fe1ad7f72f1229e8d46a0c1dc3a7e7fd4b1afab9b77",
    "https://esm.sh/v92/rxjs@6.6.7/internal/observable/empty.d.ts": "ae5acc05624d025cdd2618947f52eb53085cbd98341ba9098fc0e9acf31d8408",
    "https://esm.sh/v92/rxjs@6.6.7/internal/observable/forkJoin.d.ts": "53f397c4ab856c209223fd301c062371c809d2d594ff35e5a3d0f38eb2643166",
    "https://esm.sh/v92/rxjs@6.6.7/internal/observable/from.d.ts": "c28bd2d89dcf738c1bff1ff1699b49ab863ccf4bb628e9438c63227f1944d2c4",
    "https://esm.sh/v92/rxjs@6.6.7/internal/observable/fromEvent.d.ts": "a6d060d020b7aa6c07cdeea5b7fc17b47a0a8a8d66835be31226b82fff4db0a5",
    "https://esm.sh/v92/rxjs@6.6.7/internal/observable/fromEventPattern.d.ts": "4eb0540ca4882d23ef72043ff74c411644ca0dc217d176fde2e5d36bd703c6b8",
    "https://esm.sh/v92/rxjs@6.6.7/internal/observable/generate.d.ts": "5a1ffb5af4c733a7ac9baf1e182fcbddab6d900050a0c84fc17bc8176676b138",
    "https://esm.sh/v92/rxjs@6.6.7/internal/observable/iif.d.ts": "f79e04b50ba480a6293c5d2279f2af5b153f72cf0acc8a1b08ad333d29759681",
    "https://esm.sh/v92/rxjs@6.6.7/internal/observable/interval.d.ts": "81861efe41be05a5e29d1c733cd94773bfc194d864c2ec743e19a8edea0b55e4",
    "https://esm.sh/v92/rxjs@6.6.7/internal/observable/merge.d.ts": "d41a105ee3442636cf5a1676a4ba695fd6b74bf1eb5f657f4922a40d616f2061",
    "https://esm.sh/v92/rxjs@6.6.7/internal/observable/never.d.ts": "ae6d05e4e40fa66b94987fd8af8e1ba6e015e4e83e9d8d912e657f4d6a78f024",
    "https://esm.sh/v92/rxjs@6.6.7/internal/observable/of.d.ts": "52d47f5d3d4ba71ec0ba1724d0b49aa035861d7e6101015340e3f5ad089aa4c2",
    "https://esm.sh/v92/rxjs@6.6.7/internal/observable/onErrorResumeNext.d.ts": "a9e08bfc4eff7cf30d40c0a1a2caec0b5cb05ba1ab9585abc246287503eac0fa",
    "https://esm.sh/v92/rxjs@6.6.7/internal/observable/pairs.d.ts": "554a10ba90a9e09f3d0909f325a6bad9684208bbe5ae86b4e561f7d142b6c70d",
    "https://esm.sh/v92/rxjs@6.6.7/internal/observable/partition.d.ts": "67a935a18e14406ac1a4d882e65217b2d56a24d903fb2d25978bf454f3ef31ad",
    "https://esm.sh/v92/rxjs@6.6.7/internal/observable/race.d.ts": "f8e1fe2d413ff7db9f4f864bfe1004db30a0c21958b12dde3de2804268efc166",
    "https://esm.sh/v92/rxjs@6.6.7/internal/observable/range.d.ts": "a81229552fba060f54355eb4ec3c91604134667f62b9e53cd07e9b4994bb5d6d",
    "https://esm.sh/v92/rxjs@6.6.7/internal/observable/throwError.d.ts": "1c9879c65f8ac7935238f6e131cfc9ecd1dfbdbad3155ab56394180a7cef9248",
    "https://esm.sh/v92/rxjs@6.6.7/internal/observable/timer.d.ts": "e4848d1f542d26880bf67c6d7db02386dacf319e2f039517f9bc8f57ab7a7797",
    "https://esm.sh/v92/rxjs@6.6.7/internal/observable/using.d.ts": "c2bc56c3906a56872a61e1f551fc3a8736cd69ea0a5e212723b9a4eee268c838",
    "https://esm.sh/v92/rxjs@6.6.7/internal/observable/zip.d.ts": "6f5bb508ae052e8bce4e3d46a0a8782e9873f5b048c8765ff25db60666021114",
    "https://esm.sh/v92/rxjs@6.6.7/internal/operators/groupBy.d.ts": "c207ea16b4a118f7880fe41e41e5f49b4ae5e92926df4a675afa7586d1667a3a",
    "https://esm.sh/v92/rxjs@6.6.7/internal/scheduled/scheduled.d.ts": "e9a12e70b3c38d98ab77437d3a7e5ff3fd52c39b25e71acbd48b46a13721e6b2",
    "https://esm.sh/v92/rxjs@6.6.7/internal/scheduler/Action.d.ts": "78919b1532f8f24f3baf3a178d9eef03c41a4878f841b6478f8068411694543b",
    "https://esm.sh/v92/rxjs@6.6.7/internal/scheduler/AnimationFrameScheduler.d.ts": "a14c90c0c2e91a95444dce7eb0a92f708600e71c6b74e55b3dc2b0518e9258dc",
    "https://esm.sh/v92/rxjs@6.6.7/internal/scheduler/AsapScheduler.d.ts": "871668359f076e3b77bb641ec63e6f2c376dcdd53b67631b4c34b6fd50dec31c",
    "https://esm.sh/v92/rxjs@6.6.7/internal/scheduler/AsyncAction.d.ts": "324cbaed434327972973f448bfb0684958a7eed108a85b8f89e630df1dedc1ff",
    "https://esm.sh/v92/rxjs@6.6.7/internal/scheduler/AsyncScheduler.d.ts": "aa919e854b7b25c97287510ea5ef81213c366c961c5c6562bc63da4ade71c757",
    "https://esm.sh/v92/rxjs@6.6.7/internal/scheduler/QueueScheduler.d.ts": "64bf34ace986ba53a066738ca57237e5b16d211b6c72677327f74596449cbd75",
    "https://esm.sh/v92/rxjs@6.6.7/internal/scheduler/VirtualTimeScheduler.d.ts": "661d3fac457df9eae98d8aae56f15b66ba36aa545ef3fdd93d9be7661285614d",
    "https://esm.sh/v92/rxjs@6.6.7/internal/scheduler/animationFrame.d.ts": "4241822405aea8cf432ae8cbae455da24c5c30a851fcc3c40d8fc45713912db1",
    "https://esm.sh/v92/rxjs@6.6.7/internal/scheduler/asap.d.ts": "5377d0e907cd8426367fdff350fb3cb8519cbc2d44a93264b1c1052ba90211a1",
    "https://esm.sh/v92/rxjs@6.6.7/internal/scheduler/async.d.ts": "b4df3156747376836e9c803aac16a0f512471e8a44912d5560cc82ff18458333",
    "https://esm.sh/v92/rxjs@6.6.7/internal/scheduler/queue.d.ts": "f886ce3ce44073a9c0fe7a1548360e152678b40b85c3c12601416b02bed220ef",
    "https://esm.sh/v92/rxjs@6.6.7/internal/symbol/observable.d.ts": "80da0f61195385d22b666408f6cccbc261c066d401611a286f07dfddf7764017",
    "https://esm.sh/v92/rxjs@6.6.7/internal/types.d.ts": "4b37f953c0dfeccc1a30ab99b013c893ea9007ae995cd806df5b5ebd4311ed4c",
    "https://esm.sh/v92/rxjs@6.6.7/internal/util/ArgumentOutOfRangeError.d.ts": "8d607832a6ef0eac30657173441367dd76c96bf7800d77193428b922e060c3af",
    "https://esm.sh/v92/rxjs@6.6.7/internal/util/EmptyError.d.ts": "20ff7207f0bb5cdde5fee8e83315ade7e5b8100cfa2087d20d39069a3d7d06f4",
    "https://esm.sh/v92/rxjs@6.6.7/internal/util/ObjectUnsubscribedError.d.ts": "7ca4c534eab7cff43d81327e369a23464bc37ef38ce5337ceff24a42c6c84eb2",
    "https://esm.sh/v92/rxjs@6.6.7/internal/util/TimeoutError.d.ts": "23caed4dff98bd28157d2b798b43f1dfefe727f18641648c01ce4e0e929a1630",
    "https://esm.sh/v92/rxjs@6.6.7/internal/util/UnsubscriptionError.d.ts": "5252dec18a34078398be4e321dee884dc7f47930e5225262543a799b591b36d2",
    "https://esm.sh/v92/rxjs@6.6.7/internal/util/identity.d.ts": "914560d0c4c6aa947cfe7489fe970c94ba25383c414bbe0168b44fd20dbf0df4",
    "https://esm.sh/v92/rxjs@6.6.7/internal/util/isObservable.d.ts": "c94079dc75fbc533f7d0fc665de360d8e9406e4f8b67c38f599bee0a3f1a993c",
    "https://esm.sh/v92/rxjs@6.6.7/internal/util/noop.d.ts": "eb21ddc3a8136a12e69176531197def71dc28ffaf357b74d4bf83407bd845991",
    "https://esm.sh/v92/rxjs@6.6.7/internal/util/pipe.d.ts": "c3dfc3c2a35831cf15d963de5f15e576d475e54d2c31952f1ef5b0bf554a1428",
    "https://esm.sh/v92/same-origin@0.1.1/deno/same-origin.js": "346b5235163a45403352559c2d81d8fe43265c6e6d35451f39bd32237c6fea39",
    "https://esm.sh/v92/skunkworks-test-client@2.4.11/deno/report-browser.js": "bbd342ee336997af92054b5b56e3ac6814079cfa5aca662246d5a02b3f7f26e5",
    "https://esm.sh/v92/skunkworks-test-client@2.4.11/deno/report-bun.js": "f70ba1e17f9cd786124bbe67da0f70a5825168f740d3719cca63f3c796fa8ff0",
    "https://esm.sh/v92/skunkworks-test-client@2.4.11/deno/report-deno.js": "c943aea8f997823d839e685c174b54505d122edd98ffe9c8b1b52e083666ffee",
    "https://esm.sh/v92/skunkworks-test-client@2.4.11/deno/report-electron.browser.js": "75691a9d7ffa7db38f4f04452c08332ae719bc51c4c321db2af9a45ff6d6eb95",
    "https://esm.sh/v92/skunkworks-test-client@2.4.11/deno/report-electron.js": "3f0685d229d674b6a68a26203822723447248c6bed9bcd437702cfd1a5263f89",
    "https://esm.sh/v92/skunkworks-test-client@2.4.11/deno/report-electron.node.js": "8e11da8b68110f2a5e7cbe04e379987b4fe15b7574b9915aebedde5ba79a1d09",
    "https://esm.sh/v92/skunkworks-test-client@2.4.11/deno/report-import.js": "f11df0b8b488071073d0381e8e4e82011aac0ea9cee3c5b10559cd9dc107d764",
    "https://esm.sh/v92/skunkworks-test-client@2.4.11/deno/report-module.js": "6bc1c914dcdd1c665a59882f914b6575cb65bf68c5bc81608f609d532a848cb4",
    "https://esm.sh/v92/skunkworks-test-client@2.4.11/deno/report-node.deno.js": "df31e06d858b3a2f2f8d032ab974d7e17af173222e85f918e20b3493e4fed503",
    "https://esm.sh/v92/skunkworks-test-client@2.4.11/deno/report-node.import.js": "59d706e12826a574bd01a04697143d5a3c99caef87fee51520155a445e25f41d",
    "https://esm.sh/v92/skunkworks-test-client@2.4.11/deno/report-node.js": "3466fb7cbc31de1127f05c30d4bcdf25f74fb21624b21858fea6c89d5979c9be",
    "https://esm.sh/v92/skunkworks-test-client@2.4.11/deno/report-node.module.js": "67c600ea3bf52108a711abce05ec8daa65e0adf1015f57e73fd08ab3a6649117",
    "https://esm.sh/v92/skunkworks-test-client@2.4.11/deno/report-node.require.js": "32be48fe5cb6c5980ca6c83485453bc410d8b704d946afa033f8d2974c794832",
    "https://esm.sh/v92/skunkworks-test-client@2.4.11/deno/report-react-native.js": "3156d0ee1d9feca27f806ad6c3dd6883cd39696795b0936f2a4e0fb81ab6adda",
    "https://esm.sh/v92/skunkworks-test-client@2.4.11/deno/report-require.js": "14a2559c21d545b94f4bad9e9d8e1eed527782abb511242f2a3952fe1839751f",
    "https://esm.sh/v92/skunkworks-test-client@2.4.11/deno/report-webpack.js": "76ecaf7444588f53190b69af137ea8a8faa9b21233cf4e2508c01fcf6d058dbc",
    "https://esm.sh/v92/skunkworks-test-client@2.4.11/deno/report-worker.browser.js": "0b8419a7b017901b12094d6e3b67c1b94213b5d120c2e4417f7c02906c45281a",
    "https://esm.sh/v92/skunkworks-test-client@2.4.11/deno/report-worker.js": "560a37b3c32ea3fb2b0010875ee419f456f2f8c9af317aa69962d65a0eb36e57",
    "https://esm.sh/v92/skunkworks-test-client@2.4.11/deno/report-worker.node.js": "f294a9af8eefce2cd101ba4cde00300bc63c549370c8c7dcde03181f86ff1728",
    "https://esm.sh/v92/skunkworks-test-client@2.4.11/deno/report-worklet.browser.js": "b7e37254a0c6bea66e5fbfc6df3e09138d094d3f0b011781eb8939a5c1b6e5e1",
    "https://esm.sh/v92/skunkworks-test-client@2.4.11/deno/report-worklet.js": "f40fdf8b4638e1825619a649876d6d9dab95b1837c6447a31d9493815ca46bbe",
    "https://esm.sh/v92/skunkworks-test-client@2.4.11/deno/report-worklet.node.js": "9dbe76cc96051e550f94d9a74f35399b352fdd8740cdc893db88d8f3ce5db687",
    "https://esm.sh/v92/skunkworks-test-client@2.4.11/deno/skunkworks-test-client.js": "f6c744f92fb809393dd06bf95290f4eab3d8226a66f2a9c6e90f80dc782aff45",
    "https://esm.sh/v92/skunkworks-test-client@2.4.11/deno/supports-conditions.js": "9d65d3d73d662a7ac411489a9eff21ae92f91cd5cdd4acc4601044170ae3893e",
    "https://esm.sh/v92/skunkworks-test-client@2.4.11/lib/types.d.ts": "99107a48c00e8bfbc66c57fe36170f9a0b52041a4577944a691c371b5378e7bf",
    "https://esm.sh/v92/skunkworks-test-client@2.4.11/supports-conditions~.d.ts": "854cdc32752c20a63ea380b17a93c803d6d1e06fa939fdc231732a7b35e8a906",
    "https://esm.sh/v92/url-parse@1.5.10/deno/url-parse.js": "0bacbf0376e29685d3df4c4586a5add574dd8e89fee2e55ff544d2d14105b46e"
  }
}
